
Microsoft Visual Studio Solution File, Format Version 12.00
# Visual Studio Version 17
VisualStudioVersion = 17.14.36717.8
MinimumVisualStudioVersion = 10.0.40219.1
Project("{FAE04EC0-301F-11D3-BF4B-00C04F79EFBC}") = "CMMS_WEB", "CMMS_WEB\CMMS_WEB.csproj", "{306F120B-568C-492C-AA7A-B7776E3ECF6C}"
EndProject
Project("{FAE04EC0-301F-11D3-BF4B-00C04F79EFBC}") = "CMMS_BAL", "CMMS_BAL\CMMS_BAL.csproj", "{177F5E3A-A85F-4496-9A0E-8A7C796B58F4}"
EndProject
Project("{FAE04EC0-301F-11D3-BF4B-00C04F79EFBC}") = "CMMS_DAL", "CMMS_DAL\CMMS_DAL.csproj", "{BA44DEC1-0BAE-49BB-88B2-BA1F1A9286C1}"
EndProject
Project("{2150E333-8FDC-42A3-9474-1A3956D46DE8}") = "Docs", "Docs", "{02EA681E-C7D8-13C7-8484-4AC65E1B71E8}"
	ProjectSection(SolutionItems) = preProject
		CODING_GUIDELINES.md = CODING_GUIDELINES.md
	EndProjectSection
EndProject
Global
	GlobalSection(SolutionConfigurationPlatforms) = preSolution
		Debug|Any CPU = Debug|Any CPU
		Release|Any CPU = Release|Any CPU
	EndGlobalSection
	GlobalSection(ProjectConfigurationPlatforms) = postSolution
		{306F120B-568C-492C-AA7A-B7776E3ECF6C}.Debug|Any CPU.ActiveCfg = Debug|Any CPU
		{306F120B-568C-492C-AA7A-B7776E3ECF6C}.Debug|Any CPU.Build.0 = Debug|Any CPU
		{306F120B-568C-492C-AA7A-B7776E3ECF6C}.Release|Any CPU.ActiveCfg = Release|Any CPU
		{306F120B-568C-492C-AA7A-B7776E3ECF6C}.Release|Any CPU.Build.0 = Release|Any CPU
		{177F5E3A-A85F-4496-9A0E-8A7C796B58F4}.Debug|Any CPU.ActiveCfg = Debug|Any CPU
		{177F5E3A-A85F-4496-9A0E-8A7C796B58F4}.Debug|Any CPU.Build.0 = Debug|Any CPU
		{177F5E3A-A85F-4496-9A0E-8A7C796B58F4}.Release|Any CPU.ActiveCfg = Release|Any CPU
		{177F5E3A-A85F-4496-9A0E-8A7C796B58F4}.Release|Any CPU.Build.0 = Release|Any CPU
		{BA44DEC1-0BAE-49BB-88B2-BA1F1A9286C1}.Debug|Any CPU.ActiveCfg = Debug|Any CPU
		{BA44DEC1-0BAE-49BB-88B2-BA1F1A9286C1}.Debug|Any CPU.Build.0 = Debug|Any CPU
		{BA44DEC1-0BAE-49BB-88B2-BA1F1A9286C1}.Release|Any CPU.ActiveCfg = Release|Any CPU
		{BA44DEC1-0BAE-49BB-88B2-BA1F1A9286C1}.Release|Any CPU.Build.0 = Release|Any CPU
	EndGlobalSection
	GlobalSection(SolutionProperties) = preSolution
		HideSolutionNode = FALSE
	EndGlobalSection
	GlobalSection(ExtensibilityGlobals) = postSolution
		SolutionGuid = {F6C88400-B079-474B-8551-8723EA474246}
	EndGlobalSection
EndGlobal
